
Microsoft Visual Studio Solution File, Format Version 12.00
# Visual Studio Version 17
VisualStudioVersion = 17.14.37328.6 d17.14
MinimumVisualStudioVersion = 10.0.40219.1
Project("{FAE04EC0-301F-11D3-BF4B-00C04F79EFBC}") = "UnitConversionApi", "UnitConversionApi\UnitConversionApi.csproj", "{0DC10419-A5E4-4821-93BB-947451B28DED}"
EndProject
Global
	GlobalSection(SolutionConfigurationPlatforms) = preSolution
		Debug|Any CPU = Debug|Any CPU
		Release|Any CPU = Release|Any CPU
	EndGlobalSection
	GlobalSection(ProjectConfigurationPlatforms) = postSolution
		{0DC10419-A5E4-4821-93BB-947451B28DED}.Debug|Any CPU.ActiveCfg = Debug|Any CPU
		{0DC10419-A5E4-4821-93BB-947451B28DED}.Debug|Any CPU.Build.0 = Debug|Any CPU
		{0DC10419-A5E4-4821-93BB-947451B28DED}.Release|Any CPU.ActiveCfg = Release|Any CPU
		{0DC10419-A5E4-4821-93BB-947451B28DED}.Release|Any CPU.Build.0 = Release|Any CPU
	EndGlobalSection
	GlobalSection(SolutionProperties) = preSolution
		HideSolutionNode = FALSE
	EndGlobalSection
	GlobalSection(ExtensibilityGlobals) = postSolution
		SolutionGuid = {621B5505-5F41-47B2-A0A4-97C3C26626C2}
	EndGlobalSection
EndGlobal
